// !$*UTF8*$!
{
	archiveVersion = 1;
	classes = {
	};
	objectVersion = 48;
	objects = {

/* Begin PBXBuildFile section */
		29BBE17E209FFF3900D36631 /* Main.storyboard in Resources */ = {isa = PBXBuildFile; fileRef = 29BBE17C209FFF3900D36631 /* Main.storyboard */; };
		29BBE180209FFF3900D36631 /* Assets.xcassets in Resources */ = {isa = PBXBuildFile; fileRef = 29BBE17F209FFF3900D36631 /* Assets.xcassets */; };
		29BBE183209FFF3900D36631 /* LaunchScreen.storyboard in Resources */ = {isa = PBXBuildFile; fileRef = 29BBE181209FFF3900D36631 /* LaunchScreen.storyboard */; };
		29BBE190209FFF3900D36631 /* iOS_CustomTabbarTests.m in Sources */ = {isa = PBXBuildFile; fileRef = 29BBE18F209FFF3900D36631 /* iOS_CustomTabbarTests.m */; };
		29BBE19B209FFF3900D36631 /* iOS_CustomTabbarUITests.m in Sources */ = {isa = PBXBuildFile; fileRef = 29BBE19A209FFF3900D36631 /* iOS_CustomTabbarUITests.m */; };
		29BBE1CF20A0018C00D36631 /* LBFishViewController.m in Sources */ = {isa = PBXBuildFile; fileRef = 29BBE1AC20A0018C00D36631 /* LBFishViewController.m */; };
		29BBE1D020A0018C00D36631 /* LBHomeViewController.m in Sources */ = {isa = PBXBuildFile; fileRef = 29BBE1B020A0018C00D36631 /* LBHomeViewController.m */; };
		29BBE1D120A0018C00D36631 /* UIImage+Image.m in Sources */ = {isa = PBXBuildFile; fileRef = 29BBE1B420A0018C00D36631 /* UIImage+Image.m */; };
		29BBE1D220A0018C00D36631 /* UIView+LBExtension.m in Sources */ = {isa = PBXBuildFile; fileRef = 29BBE1B620A0018C00D36631 /* UIView+LBExtension.m */; };
		29BBE1D320A0018C00D36631 /* LBNavigationController.m in Sources */ = {isa = PBXBuildFile; fileRef = 29BBE1B920A0018C00D36631 /* LBNavigationController.m */; };
		29BBE1D420A0018C00D36631 /* LBTabBarController.m in Sources */ = {isa = PBXBuildFile; fileRef = 29BBE1BB20A0018C00D36631 /* LBTabBarController.m */; };
		29BBE1D520A0018C00D36631 /* LBTabBar.m in Sources */ = {isa = PBXBuildFile; fileRef = 29BBE1BE20A0018C00D36631 /* LBTabBar.m */; };
		29BBE1D620A0018C00D36631 /* LBMessageViewController.m in Sources */ = {isa = PBXBuildFile; fileRef = 29BBE1C220A0018C00D36631 /* LBMessageViewController.m */; };
		29BBE1D720A0018C00D36631 /* LBMineViewController.m in Sources */ = {isa = PBXBuildFile; fileRef = 29BBE1C620A0018C00D36631 /* LBMineViewController.m */; };
		29BBE1D820A0018C00D36631 /* AppDelegate.m in Sources */ = {isa = PBXBuildFile; fileRef = 29BBE1C920A0018C00D36631 /* AppDelegate.m */; };
		29BBE1D920A0018C00D36631 /* main.m in Sources */ = {isa = PBXBuildFile; fileRef = 29BBE1CA20A0018C00D36631 /* main.m */; };
		29BBE1DA20A0018C00D36631 /* LBpostViewController.m in Sources */ = {isa = PBXBuildFile; fileRef = 29BBE1CE20A0018C00D36631 /* LBpostViewController.m */; };
/* End PBXBuildFile section */

/* Begin PBXContainerItemProxy section */
		29BBE18C209FFF3900D36631 /* PBXContainerItemProxy */ = {
			isa = PBXContainerItemProxy;
			containerPortal = 29BBE16B209FFF3900D36631 /* Project object */;
			proxyType = 1;
			remoteGlobalIDString = 29BBE172209FFF3900D36631;
			remoteInfo = iOS_CustomTabbar;
		};
		29BBE197209FFF3900D36631 /* PBXContainerItemProxy */ = {
			isa = PBXContainerItemProxy;
			containerPortal = 29BBE16B209FFF3900D36631 /* Project object */;
			proxyType = 1;
			remoteGlobalIDString = 29BBE172209FFF3900D36631;
			remoteInfo = iOS_CustomTabbar;
		};
/* End PBXContainerItemProxy section */

/* Begin PBXFileReference section */
		29BBE173209FFF3900D36631 /* iOS_CustomTabbar.app */ = {isa = PBXFileReference; explicitFileType = wrapper.application; includeInIndex = 0; path = iOS_CustomTabbar.app; sourceTree = BUILT_PRODUCTS_DIR; };
		29BBE17D209FFF3900D36631 /* Base */ = {isa = PBXFileReference; lastKnownFileType = file.storyboard; name = Base; path = Base.lproj/Main.storyboard; sourceTree = "<group>"; };
		29BBE17F209FFF3900D36631 /* Assets.xcassets */ = {isa = PBXFileReference; lastKnownFileType = folder.assetcatalog; path = Assets.xcassets; sourceTree = "<group>"; };
		29BBE182209FFF3900D36631 /* Base */ = {isa = PBXFileReference; lastKnownFileType = file.storyboard; name = Base; path = Base.lproj/LaunchScreen.storyboard; sourceTree = "<group>"; };
		29BBE184209FFF3900D36631 /* Info.plist */ = {isa = PBXFileReference; lastKnownFileType = text.plist.xml; path = Info.plist; sourceTree = "<group>"; };
		29BBE18B209FFF3900D36631 /* iOS_CustomTabbarTests.xctest */ = {isa = PBXFileReference; explicitFileType = wrapper.cfbundle; includeInIndex = 0; path = iOS_CustomTabbarTests.xctest; sourceTree = BUILT_PRODUCTS_DIR; };
		29BBE18F209FFF3900D36631 /* iOS_CustomTabbarTests.m */ = {isa = PBXFileReference; lastKnownFileType = sourcecode.c.objc; path = iOS_CustomTabbarTests.m; sourceTree = "<group>"; };
		29BBE191209FFF3900D36631 /* Info.plist */ = {isa = PBXFileReference; lastKnownFileType = text.plist.xml; path = Info.plist; sourceTree = "<group>"; };
		29BBE196209FFF3900D36631 /* iOS_CustomTabbarUITests.xctest */ = {isa = PBXFileReference; explicitFileType = wrapper.cfbundle; includeInIndex = 0; path = iOS_CustomTabbarUITests.xctest; sourceTree = BUILT_PRODUCTS_DIR; };
		29BBE19A209FFF3900D36631 /* iOS_CustomTabbarUITests.m */ = {isa = PBXFileReference; lastKnownFileType = sourcecode.c.objc; path = iOS_CustomTabbarUITests.m; sourceTree = "<group>"; };
		29BBE19C209FFF3900D36631 /* Info.plist */ = {isa = PBXFileReference; lastKnownFileType = text.plist.xml; path = Info.plist; sourceTree = "<group>"; };
		29BBE1AB20A0018C00D36631 /* LBFishViewController.h */ = {isa = PBXFileReference; fileEncoding = 4; lastKnownFileType = sourcecode.c.h; path = LBFishViewController.h; sourceTree = "<group>"; };
		29BBE1AC20A0018C00D36631 /* LBFishViewController.m */ = {isa = PBXFileReference; fileEncoding = 4; lastKnownFileType = sourcecode.c.objc; path = LBFishViewController.m; sourceTree = "<group>"; };
		29BBE1AF20A0018C00D36631 /* LBHomeViewController.h */ = {isa = PBXFileReference; fileEncoding = 4; lastKnownFileType = sourcecode.c.h; path = LBHomeViewController.h; sourceTree = "<group>"; };
		29BBE1B020A0018C00D36631 /* LBHomeViewController.m */ = {isa = PBXFileReference; fileEncoding = 4; lastKnownFileType = sourcecode.c.objc; path = LBHomeViewController.m; sourceTree = "<group>"; };
		29BBE1B320A0018C00D36631 /* UIImage+Image.h */ = {isa = PBXFileReference; fileEncoding = 4; lastKnownFileType = sourcecode.c.h; path = "UIImage+Image.h"; sourceTree = "<group>"; };
		29BBE1B420A0018C00D36631 /* UIImage+Image.m */ = {isa = PBXFileReference; fileEncoding = 4; lastKnownFileType = sourcecode.c.objc; path = "UIImage+Image.m"; sourceTree = "<group>"; };
		29BBE1B520A0018C00D36631 /* UIView+LBExtension.h */ = {isa = PBXFileReference; fileEncoding = 4; lastKnownFileType = sourcecode.c.h; path = "UIView+LBExtension.h"; sourceTree = "<group>"; };
		29BBE1B620A0018C00D36631 /* UIView+LBExtension.m */ = {isa = PBXFileReference; fileEncoding = 4; lastKnownFileType = sourcecode.c.objc; path = "UIView+LBExtension.m"; sourceTree = "<group>"; };
		29BBE1B820A0018C00D36631 /* LBNavigationController.h */ = {isa = PBXFileReference; fileEncoding = 4; lastKnownFileType = sourcecode.c.h; path = LBNavigationController.h; sourceTree = "<group>"; };
		29BBE1B920A0018C00D36631 /* LBNavigationController.m */ = {isa = PBXFileReference; fileEncoding = 4; lastKnownFileType = sourcecode.c.objc; path = LBNavigationController.m; sourceTree = "<group>"; };
		29BBE1BA20A0018C00D36631 /* LBTabBarController.h */ = {isa = PBXFileReference; fileEncoding = 4; lastKnownFileType = sourcecode.c.h; path = LBTabBarController.h; sourceTree = "<group>"; };
		29BBE1BB20A0018C00D36631 /* LBTabBarController.m */ = {isa = PBXFileReference; fileEncoding = 4; lastKnownFileType = sourcecode.c.objc; path = LBTabBarController.m; sourceTree = "<group>"; };
		29BBE1BD20A0018C00D36631 /* LBTabBar.h */ = {isa = PBXFileReference; fileEncoding = 4; lastKnownFileType = sourcecode.c.h; path = LBTabBar.h; sourceTree = "<group>"; };
		29BBE1BE20A0018C00D36631 /* LBTabBar.m */ = {isa = PBXFileReference; fileEncoding = 4; lastKnownFileType = sourcecode.c.objc; path = LBTabBar.m; sourceTree = "<group>"; };
		29BBE1C120A0018C00D36631 /* LBMessageViewController.h */ = {isa = PBXFileReference; fileEncoding = 4; lastKnownFileType = sourcecode.c.h; path = LBMessageViewController.h; sourceTree = "<group>"; };
		29BBE1C220A0018C00D36631 /* LBMessageViewController.m */ = {isa = PBXFileReference; fileEncoding = 4; lastKnownFileType = sourcecode.c.objc; path = LBMessageViewController.m; sourceTree = "<group>"; };
		29BBE1C520A0018C00D36631 /* LBMineViewController.h */ = {isa = PBXFileReference; fileEncoding = 4; lastKnownFileType = sourcecode.c.h; path = LBMineViewController.h; sourceTree = "<group>"; };
		29BBE1C620A0018C00D36631 /* LBMineViewController.m */ = {isa = PBXFileReference; fileEncoding = 4; lastKnownFileType = sourcecode.c.objc; path = LBMineViewController.m; sourceTree = "<group>"; };
		29BBE1C820A0018C00D36631 /* AppDelegate.h */ = {isa = PBXFileReference; fileEncoding = 4; lastKnownFileType = sourcecode.c.h; path = AppDelegate.h; sourceTree = "<group>"; };
		29BBE1C920A0018C00D36631 /* AppDelegate.m */ = {isa = PBXFileReference; fileEncoding = 4; lastKnownFileType = sourcecode.c.objc; path = AppDelegate.m; sourceTree = "<group>"; };
		29BBE1CA20A0018C00D36631 /* main.m */ = {isa = PBXFileReference; fileEncoding = 4; lastKnownFileType = sourcecode.c.objc; path = main.m; sourceTree = "<group>"; };
		29BBE1CD20A0018C00D36631 /* LBpostViewController.h */ = {isa = PBXFileReference; fileEncoding = 4; lastKnownFileType = sourcecode.c.h; path = LBpostViewController.h; sourceTree = "<group>"; };
		29BBE1CE20A0018C00D36631 /* LBpostViewController.m */ = {isa = PBXFileReference; fileEncoding = 4; lastKnownFileType = sourcecode.c.objc; path = LBpostViewController.m; sourceTree = "<group>"; };
/* End PBXFileReference section */

/* Begin PBXFrameworksBuildPhase section */
		29BBE170209FFF3900D36631 /* Frameworks */ = {
			isa = PBXFrameworksBuildPhase;
			buildActionMask = 2147483647;
			files = (
			);
			runOnlyForDeploymentPostprocessing = 0;
		};
		29BBE188209FFF3900D36631 /* Frameworks */ = {
			isa = PBXFrameworksBuildPhase;
			buildActionMask = 2147483647;
			files = (
			);
			runOnlyForDeploymentPostprocessing = 0;
		};
		29BBE193209FFF3900D36631 /* Frameworks */ = {
			isa = PBXFrameworksBuildPhase;
			buildActionMask = 2147483647;
			files = (
			);
			runOnlyForDeploymentPostprocessing = 0;
		};
/* End PBXFrameworksBuildPhase section */

/* Begin PBXGroup section */
		29BBE16A209FFF3900D36631 = {
			isa = PBXGroup;
			children = (
				29BBE175209FFF3900D36631 /* iOS_CustomTabbar */,
				29BBE18E209FFF3900D36631 /* iOS_CustomTabbarTests */,
				29BBE199209FFF3900D36631 /* iOS_CustomTabbarUITests */,
				29BBE174209FFF3900D36631 /* Products */,
			);
			sourceTree = "<group>";
		};
		29BBE174209FFF3900D36631 /* Products */ = {
			isa = PBXGroup;
			children = (
				29BBE173209FFF3900D36631 /* iOS_CustomTabbar.app */,
				29BBE18B209FFF3900D36631 /* iOS_CustomTabbarTests.xctest */,
				29BBE196209FFF3900D36631 /* iOS_CustomTabbarUITests.xctest */,
			);
			name = Products;
			sourceTree = "<group>";
		};
		29BBE175209FFF3900D36631 /* iOS_CustomTabbar */ = {
			isa = PBXGroup;
			children = (
				29BBE1A820A0018C00D36631 /* Classes */,
				29BBE17C209FFF3900D36631 /* Main.storyboard */,
				29BBE17F209FFF3900D36631 /* Assets.xcassets */,
				29BBE181209FFF3900D36631 /* LaunchScreen.storyboard */,
				29BBE184209FFF3900D36631 /* Info.plist */,
			);
			path = iOS_CustomTabbar;
			sourceTree = "<group>";
		};
		29BBE18E209FFF3900D36631 /* iOS_CustomTabbarTests */ = {
			isa = PBXGroup;
			children = (
				29BBE18F209FFF3900D36631 /* iOS_CustomTabbarTests.m */,
				29BBE191209FFF3900D36631 /* Info.plist */,
			);
			path = iOS_CustomTabbarTests;
			sourceTree = "<group>";
		};
		29BBE199209FFF3900D36631 /* iOS_CustomTabbarUITests */ = {
			isa = PBXGroup;
			children = (
				29BBE19A209FFF3900D36631 /* iOS_CustomTabbarUITests.m */,
				29BBE19C209FFF3900D36631 /* Info.plist */,
			);
			path = iOS_CustomTabbarUITests;
			sourceTree = "<group>";
		};
		29BBE1A820A0018C00D36631 /* Classes */ = {
			isa = PBXGroup;
			children = (
				29BBE1A920A0018C00D36631 /* Fish */,
				29BBE1AD20A0018C00D36631 /* Home */,
				29BBE1B120A0018C00D36631 /* Main */,
				29BBE1BF20A0018C00D36631 /* Message */,
				29BBE1C320A0018C00D36631 /* Mine */,
				29BBE1C720A0018C00D36631 /* Other */,
				29BBE1CB20A0018C00D36631 /* Post */,
			);
			path = Classes;
			sourceTree = "<group>";
		};
		29BBE1A920A0018C00D36631 /* Fish */ = {
			isa = PBXGroup;
			children = (
				29BBE1AA20A0018C00D36631 /* Controller */,
			);
			path = Fish;
			sourceTree = "<group>";
		};
		29BBE1AA20A0018C00D36631 /* Controller */ = {
			isa = PBXGroup;
			children = (
				29BBE1AB20A0018C00D36631 /* LBFishViewController.h */,
				29BBE1AC20A0018C00D36631 /* LBFishViewController.m */,
			);
			path = Controller;
			sourceTree = "<group>";
		};
		29BBE1AD20A0018C00D36631 /* Home */ = {
			isa = PBXGroup;
			children = (
				29BBE1AE20A0018C00D36631 /* Controller */,
			);
			path = Home;
			sourceTree = "<group>";
		};
		29BBE1AE20A0018C00D36631 /* Controller */ = {
			isa = PBXGroup;
			children = (
				29BBE1AF20A0018C00D36631 /* LBHomeViewController.h */,
				29BBE1B020A0018C00D36631 /* LBHomeViewController.m */,
			);
			path = Controller;
			sourceTree = "<group>";
		};
		29BBE1B120A0018C00D36631 /* Main */ = {
			isa = PBXGroup;
			children = (
				29BBE1B220A0018C00D36631 /* Category */,
				29BBE1B720A0018C00D36631 /* Controller */,
				29BBE1BC20A0018C00D36631 /* View */,
			);
			path = Main;
			sourceTree = "<group>";
		};
		29BBE1B220A0018C00D36631 /* Category */ = {
			isa = PBXGroup;
			children = (
				29BBE1B320A0018C00D36631 /* UIImage+Image.h */,
				29BBE1B420A0018C00D36631 /* UIImage+Image.m */,
				29BBE1B520A0018C00D36631 /* UIView+LBExtension.h */,
				29BBE1B620A0018C00D36631 /* UIView+LBExtension.m */,
			);
			path = Category;
			sourceTree = "<group>";
		};
		29BBE1B720A0018C00D36631 /* Controller */ = {
			isa = PBXGroup;
			children = (
				29BBE1B820A0018C00D36631 /* LBNavigationController.h */,
				29BBE1B920A0018C00D36631 /* LBNavigationController.m */,
				29BBE1BA20A0018C00D36631 /* LBTabBarController.h */,
				29BBE1BB20A0018C00D36631 /* LBTabBarController.m */,
			);
			path = Controller;
			sourceTree = "<group>";
		};
		29BBE1BC20A0018C00D36631 /* View */ = {
			isa = PBXGroup;
			children = (
				29BBE1BD20A0018C00D36631 /* LBTabBar.h */,
				29BBE1BE20A0018C00D36631 /* LBTabBar.m */,
			);
			path = View;
			sourceTree = "<group>";
		};
		29BBE1BF20A0018C00D36631 /* Message */ = {
			isa = PBXGroup;
			children = (
				29BBE1C020A0018C00D36631 /* Controller */,
			);
			path = Message;
			sourceTree = "<group>";
		};
		29BBE1C020A0018C00D36631 /* Controller */ = {
			isa = PBXGroup;
			children = (
				29BBE1C120A0018C00D36631 /* LBMessageViewController.h */,
				29BBE1C220A0018C00D36631 /* LBMessageViewController.m */,
			);
			path = Controller;
			sourceTree = "<group>";
		};
		29BBE1C320A0018C00D36631 /* Mine */ = {
			isa = PBXGroup;
			children = (
				29BBE1C420A0018C00D36631 /* Controller */,
			);
			path = Mine;
			sourceTree = "<group>";
		};
		29BBE1C420A0018C00D36631 /* Controller */ = {
			isa = PBXGroup;
			children = (
				29BBE1C520A0018C00D36631 /* LBMineViewController.h */,
				29BBE1C620A0018C00D36631 /* LBMineViewController.m */,
			);
			path = Controller;
			sourceTree = "<group>";
		};
		29BBE1C720A0018C00D36631 /* Other */ = {
			isa = PBXGroup;
			children = (
				29BBE1C820A0018C00D36631 /* AppDelegate.h */,
				29BBE1C920A0018C00D36631 /* AppDelegate.m */,
				29BBE1CA20A0018C00D36631 /* main.m */,
			);
			path = Other;
			sourceTree = "<group>";
		};
		29BBE1CB20A0018C00D36631 /* Post */ = {
			isa = PBXGroup;
			children = (
				29BBE1CC20A0018C00D36631 /* Controller */,
			);
			path = Post;
			sourceTree = "<group>";
		};
		29BBE1CC20A0018C00D36631 /* Controller */ = {
			isa = PBXGroup;
			children = (
				29BBE1CD20A0018C00D36631 /* LBpostViewController.h */,
				29BBE1CE20A0018C00D36631 /* LBpostViewController.m */,
			);
			path = Controller;
			sourceTree = "<group>";
		};
/* End PBXGroup section */

/* Begin PBXNativeTarget section */
		29BBE172209FFF3900D36631 /* iOS_CustomTabbar */ = {
			isa = PBXNativeTarget;
			buildConfigurationList = 29BBE19F209FFF3900D36631 /* Build configuration list for PBXNativeTarget "iOS_CustomTabbar" */;
			buildPhases = (
				29BBE16F209FFF3900D36631 /* Sources */,
				29BBE170209FFF3900D36631 /* Frameworks */,
				29BBE171209FFF3900D36631 /* Resources */,
			);
			buildRules = (
			);
			dependencies = (
			);
			name = iOS_CustomTabbar;
			productName = iOS_CustomTabbar;
			productReference = 29BBE173209FFF3900D36631 /* iOS_CustomTabbar.app */;
			productType = "com.apple.product-type.application";
		};
		29BBE18A209FFF3900D36631 /* iOS_CustomTabbarTests */ = {
			isa = PBXNativeTarget;
			buildConfigurationList = 29BBE1A2209FFF3900D36631 /* Build configuration list for PBXNativeTarget "iOS_CustomTabbarTests" */;
			buildPhases = (
				29BBE187209FFF3900D36631 /* Sources */,
				29BBE188209FFF3900D36631 /* Frameworks */,
				29BBE189209FFF3900D36631 /* Resources */,
			);
			buildRules = (
			);
			dependencies = (
				29BBE18D209FFF3900D36631 /* PBXTargetDependency */,
			);
			name = iOS_CustomTabbarTests;
			productName = iOS_CustomTabbarTests;
			productReference = 29BBE18B209FFF3900D36631 /* iOS_CustomTabbarTests.xctest */;
			productType = "com.apple.product-type.bundle.unit-test";
		};
		29BBE195209FFF3900D36631 /* iOS_CustomTabbarUITests */ = {
			isa = PBXNativeTarget;
			buildConfigurationList = 29BBE1A5209FFF3900D36631 /* Build configuration list for PBXNativeTarget "iOS_CustomTabbarUITests" */;
			buildPhases = (
				29BBE192209FFF3900D36631 /* Sources */,
				29BBE193209FFF3900D36631 /* Frameworks */,
				29BBE194209FFF3900D36631 /* Resources */,
			);
			buildRules = (
			);
			dependencies = (
				29BBE198209FFF3900D36631 /* PBXTargetDependency */,
			);
			name = iOS_CustomTabbarUITests;
			productName = iOS_CustomTabbarUITests;
			productReference = 29BBE196209FFF3900D36631 /* iOS_CustomTabbarUITests.xctest */;
			productType = "com.apple.product-type.bundle.ui-testing";
		};
/* End PBXNativeTarget section */

/* Begin PBXProject section */
		29BBE16B209FFF3900D36631 /* Project object */ = {
			isa = PBXProject;
			attributes = {
				LastUpgradeCheck = 0910;
				ORGANIZATIONNAME = pengjiaxin;
				TargetAttributes = {
					29BBE172209FFF3900D36631 = {
						CreatedOnToolsVersion = 9.1;
						ProvisioningStyle = Automatic;
					};
					29BBE18A209FFF3900D36631 = {
						CreatedOnToolsVersion = 9.1;
						ProvisioningStyle = Automatic;
						TestTargetID = 29BBE172209FFF3900D36631;
					};
					29BBE195209FFF3900D36631 = {
						CreatedOnToolsVersion = 9.1;
						ProvisioningStyle = Automatic;
						TestTargetID = 29BBE172209FFF3900D36631;
					};
				};
			};
			buildConfigurationList = 29BBE16E209FFF3900D36631 /* Build configuration list for PBXProject "iOS_CustomTabbar" */;
			compatibilityVersion = "Xcode 8.0";
			developmentRegion = en;
			hasScannedForEncodings = 0;
			knownRegions = (
				en,
				Base,
			);
			mainGroup = 29BBE16A209FFF3900D36631;
			productRefGroup = 29BBE174209FFF3900D36631 /* Products */;
			projectDirPath = "";
			projectRoot = "";
			targets = (
				29BBE172209FFF3900D36631 /* iOS_CustomTabbar */,
				29BBE18A209FFF3900D36631 /* iOS_CustomTabbarTests */,
				29BBE195209FFF3900D36631 /* iOS_CustomTabbarUITests */,
			);
		};
/* End PBXProject section */

/* Begin PBXResourcesBuildPhase section */
		29BBE171209FFF3900D36631 /* Resources */ = {
			isa = PBXResourcesBuildPhase;
			buildActionMask = 2147483647;
			files = (
				29BBE183209FFF3900D36631 /* LaunchScreen.storyboard in Resources */,
				29BBE180209FFF3900D36631 /* Assets.xcassets in Resources */,
				29BBE17E209FFF3900D36631 /* Main.storyboard in Resources */,
			);
			runOnlyForDeploymentPostprocessing = 0;
		};
		29BBE189209FFF3900D36631 /* Resources */ = {
			isa = PBXResourcesBuildPhase;
			buildActionMask = 2147483647;
			files = (
			);
			runOnlyForDeploymentPostprocessing = 0;
		};
		29BBE194209FFF3900D36631 /* Resources */ = {
			isa = PBXResourcesBuildPhase;
			buildActionMask = 2147483647;
			files = (
			);
			runOnlyForDeploymentPostprocessing = 0;
		};
/* End PBXResourcesBuildPhase section */

/* Begin PBXSourcesBuildPhase section */
		29BBE16F209FFF3900D36631 /* Sources */ = {
			isa = PBXSourcesBuildPhase;
			buildActionMask = 2147483647;
			files = (
				29BBE1D020A0018C00D36631 /* LBHomeViewController.m in Sources */,
				29BBE1D420A0018C00D36631 /* LBTabBarController.m in Sources */,
				29BBE1D220A0018C00D36631 /* UIView+LBExtension.m in Sources */,
				29BBE1D620A0018C00D36631 /* LBMessageViewController.m in Sources */,
				29BBE1CF20A0018C00D36631 /* LBFishViewController.m in Sources */,
				29BBE1DA20A0018C00D36631 /* LBpostViewController.m in Sources */,
				29BBE1D120A0018C00D36631 /* UIImage+Image.m in Sources */,
				29BBE1D820A0018C00D36631 /* AppDelegate.m in Sources */,
				29BBE1D720A0018C00D36631 /* LBMineViewController.m in Sources */,
				29BBE1D320A0018C00D36631 /* LBNavigationController.m in Sources */,
				29BBE1D920A0018C00D36631 /* main.m in Sources */,
				29BBE1D520A0018C00D36631 /* LBTabBar.m in Sources */,
			);
			runOnlyForDeploymentPostprocessing = 0;
		};
		29BBE187209FFF3900D36631 /* Sources */ = {
			isa = PBXSourcesBuildPhase;
			buildActionMask = 2147483647;
			files = (
				29BBE190209FFF3900D36631 /* iOS_CustomTabbarTests.m in Sources */,
			);
			runOnlyForDeploymentPostprocessing = 0;
		};
		29BBE192209FFF3900D36631 /* Sources */ = {
			isa = PBXSourcesBuildPhase;
			buildActionMask = 2147483647;
			files = (
				29BBE19B209FFF3900D36631 /* iOS_CustomTabbarUITests.m in Sources */,
			);
			runOnlyForDeploymentPostprocessing = 0;
		};
/* End PBXSourcesBuildPhase section */

/* Begin PBXTargetDependency section */
		29BBE18D209FFF3900D36631 /* PBXTargetDependency */ = {
			isa = PBXTargetDependency;
			target = 29BBE172209FFF3900D36631 /* iOS_CustomTabbar */;
			targetProxy = 29BBE18C209FFF3900D36631 /* PBXContainerItemProxy */;
		};
		29BBE198209FFF3900D36631 /* PBXTargetDependency */ = {
			isa = PBXTargetDependency;
			target = 29BBE172209FFF3900D36631 /* iOS_CustomTabbar */;
			targetProxy = 29BBE197209FFF3900D36631 /* PBXContainerItemProxy */;
		};
/* End PBXTargetDependency section */

/* Begin PBXVariantGroup section */
		29BBE17C209FFF3900D36631 /* Main.storyboard */ = {
			isa = PBXVariantGroup;
			children = (
				29BBE17D209FFF3900D36631 /* Base */,
			);
			name = Main.storyboard;
			sourceTree = "<group>";
		};
		29BBE181209FFF3900D36631 /* LaunchScreen.storyboard */ = {
			isa = PBXVariantGroup;
			children = (
				29BBE182209FFF3900D36631 /* Base */,
			);
			name = LaunchScreen.storyboard;
			sourceTree = "<group>";
		};
/* End PBXVariantGroup section */

/* Begin XCBuildConfiguration section */
		29BBE19D209FFF3900D36631 /* Debug */ = {
			isa = XCBuildConfiguration;
			buildSettings = {
				ALWAYS_SEARCH_USER_PATHS = NO;
				CLANG_ANALYZER_NONNULL = YES;
				CLANG_ANALYZER_NUMBER_OBJECT_CONVERSION = YES_AGGRESSIVE;
				CLANG_CXX_LANGUAGE_STANDARD = "gnu++14";
				CLANG_CXX_LIBRARY = "libc++";
				CLANG_ENABLE_MODULES = YES;
				CLANG_ENABLE_OBJC_ARC = YES;
				CLANG_WARN_BLOCK_CAPTURE_AUTORELEASING = YES;
				CLANG_WARN_BOOL_CONVERSION = YES;
				CLANG_WARN_COMMA = YES;
				CLANG_WARN_CONSTANT_CONVERSION = YES;
				CLANG_WARN_DIRECT_OBJC_ISA_USAGE = YES_ERROR;
				CLANG_WARN_DOCUMENTATION_COMMENTS = YES;
				CLANG_WARN_EMPTY_BODY = YES;
				CLANG_WARN_ENUM_CONVERSION = YES;
				CLANG_WARN_INFINITE_RECURSION = YES;
				CLANG_WARN_INT_CONVERSION = YES;
				CLANG_WARN_NON_LITERAL_NULL_CONVERSION = YES;
				CLANG_WARN_OBJC_LITERAL_CONVERSION = YES;
				CLANG_WARN_OBJC_ROOT_CLASS = YES_ERROR;
				CLANG_WARN_RANGE_LOOP_ANALYSIS = YES;
				CLANG_WARN_STRICT_PROTOTYPES = YES;
				CLANG_WARN_SUSPICIOUS_MOVE = YES;
				CLANG_WARN_UNGUARDED_AVAILABILITY = YES_AGGRESSIVE;
				CLANG_WARN_UNREACHABLE_CODE = YES;
				CLANG_WARN__DUPLICATE_METHOD_MATCH = YES;
				CODE_SIGN_IDENTITY = "iPhone Developer";
				COPY_PHASE_STRIP = NO;
				DEBUG_INFORMATION_FORMAT = dwarf;
				ENABLE_STRICT_OBJC_MSGSEND = YES;
				ENABLE_TESTABILITY = YES;
				GCC_C_LANGUAGE_STANDARD = gnu11;
				GCC_DYNAMIC_NO_PIC = NO;
				GCC_NO_COMMON_BLOCKS = YES;
				GCC_OPTIMIZATION_LEVEL = 0;
				GCC_PREPROCESSOR_DEFINITIONS = (
					"DEBUG=1",
					"$(inherited)",
				);
				GCC_WARN_64_TO_32_BIT_CONVERSION = YES;
				GCC_WARN_ABOUT_RETURN_TYPE = YES_ERROR;
				GCC_WARN_UNDECLARED_SELECTOR = YES;
				GCC_WARN_UNINITIALIZED_AUTOS = YES_AGGRESSIVE;
				GCC_WARN_UNUSED_FUNCTION = YES;
				GCC_WARN_UNUSED_VARIABLE = YES;
				IPHONEOS_DEPLOYMENT_TARGET = 11.1;
				MTL_ENABLE_DEBUG_INFO = YES;
				ONLY_ACTIVE_ARCH = YES;
				SDKROOT = iphoneos;
			};
			name = Debug;
		};
		29BBE19E209FFF3900D36631 /* Release */ = {
			isa = XCBuildConfiguration;
			buildSettings = {
				ALWAYS_SEARCH_USER_PATHS = NO;
				CLANG_ANALYZER_NONNULL = YES;
				CLANG_ANALYZER_NUMBER_OBJECT_CONVERSION = YES_AGGRESSIVE;
				CLANG_CXX_LANGUAGE_STANDARD = "gnu++14";
				CLANG_CXX_LIBRARY = "libc++";
				CLANG_ENABLE_MODULES = YES;
				CLANG_ENABLE_OBJC_ARC = YES;
				CLANG_WARN_BLOCK_CAPTURE_AUTORELEASING = YES;
				CLANG_WARN_BOOL_CONVERSION = YES;
				CLANG_WARN_COMMA = YES;
				CLANG_WARN_CONSTANT_CONVERSION = YES;
				CLANG_WARN_DIRECT_OBJC_ISA_USAGE = YES_ERROR;
				CLANG_WARN_DOCUMENTATION_COMMENTS = YES;
				CLANG_WARN_EMPTY_BODY = YES;
				CLANG_WARN_ENUM_CONVERSION = YES;
				CLANG_WARN_INFINITE_RECURSION = YES;
				CLANG_WARN_INT_CONVERSION = YES;
				CLANG_WARN_NON_LITERAL_NULL_CONVERSION = YES;
				CLANG_WARN_OBJC_LITERAL_CONVERSION = YES;
				CLANG_WARN_OBJC_ROOT_CLASS = YES_ERROR;
				CLANG_WARN_RANGE_LOOP_ANALYSIS = YES;
				CLANG_WARN_STRICT_PROTOTYPES = YES;
				CLANG_WARN_SUSPICIOUS_MOVE = YES;
				CLANG_WARN_UNGUARDED_AVAILABILITY = YES_AGGRESSIVE;
				CLANG_WARN_UNREACHABLE_CODE = YES;
				CLANG_WARN__DUPLICATE_METHOD_MATCH = YES;
				CODE_SIGN_IDENTITY = "iPhone Developer";
				COPY_PHASE_STRIP = NO;
				DEBUG_INFORMATION_FORMAT = "dwarf-with-dsym";
				ENABLE_NS_ASSERTIONS = NO;
				ENABLE_STRICT_OBJC_MSGSEND = YES;
				GCC_C_LANGUAGE_STANDARD = gnu11;
				GCC_NO_COMMON_BLOCKS = YES;
				GCC_WARN_64_TO_32_BIT_CONVERSION = YES;
				GCC_WARN_ABOUT_RETURN_TYPE = YES_ERROR;
				GCC_WARN_UNDECLARED_SELECTOR = YES;
				GCC_WARN_UNINITIALIZED_AUTOS = YES_AGGRESSIVE;
				GCC_WARN_UNUSED_FUNCTION = YES;
				GCC_WARN_UNUSED_VARIABLE = YES;
				IPHONEOS_DEPLOYMENT_TARGET = 11.1;
				MTL_ENABLE_DEBUG_INFO = NO;
				SDKROOT = iphoneos;
				VALIDATE_PRODUCT = YES;
			};
			name = Release;
		};
		29BBE1A0209FFF3900D36631 /* Debug */ = {
			isa = XCBuildConfiguration;
			buildSettings = {
				ASSETCATALOG_COMPILER_APPICON_NAME = AppIcon;
				CODE_SIGN_STYLE = Automatic;
				DEVELOPMENT_TEAM = 2LAAJN2NAF;
				INFOPLIST_FILE = iOS_CustomTabbar/Info.plist;
				IPHONEOS_DEPLOYMENT_TARGET = 9.3;
				LD_RUNPATH_SEARCH_PATHS = "$(inherited) @executable_path/Frameworks";
				PRODUCT_BUNDLE_IDENTIFIER = "com.tiancity.iOS-CustomTabbar";
				PRODUCT_NAME = "$(TARGET_NAME)";
				TARGETED_DEVICE_FAMILY = 1;
			};
			name = Debug;
		};
		29BBE1A1209FFF3900D36631 /* Release */ = {
			isa = XCBuildConfiguration;
			buildSettings = {
				ASSETCATALOG_COMPILER_APPICON_NAME = AppIcon;
				CODE_SIGN_STYLE = Automatic;
				DEVELOPMENT_TEAM = 2LAAJN2NAF;
				INFOPLIST_FILE = iOS_CustomTabbar/Info.plist;
				IPHONEOS_DEPLOYMENT_TARGET = 9.3;
				LD_RUNPATH_SEARCH_PATHS = "$(inherited) @executable_path/Frameworks";
				PRODUCT_BUNDLE_IDENTIFIER = "com.tiancity.iOS-CustomTabbar";
				PRODUCT_NAME = "$(TARGET_NAME)";
				TARGETED_DEVICE_FAMILY = 1;
			};
			name = Release;
		};
		29BBE1A3209FFF3900D36631 /* Debug */ = {
			isa = XCBuildConfiguration;
			buildSettings = {
				BUNDLE_LOADER = "$(TEST_HOST)";
				CODE_SIGN_STYLE = Automatic;
				DEVELOPMENT_TEAM = 2LAAJN2NAF;
				INFOPLIST_FILE = iOS_CustomTabbarTests/Info.plist;
				LD_RUNPATH_SEARCH_PATHS = "$(inherited) @executable_path/Frameworks @loader_path/Frameworks";
				PRODUCT_BUNDLE_IDENTIFIER = "com.tiancity.iOS-CustomTabbarTests";
				PRODUCT_NAME = "$(TARGET_NAME)";
				TARGETED_DEVICE_FAMILY = "1,2";
				TEST_HOST = "$(BUILT_PRODUCTS_DIR)/iOS_CustomTabbar.app/iOS_CustomTabbar";
			};
			name = Debug;
		};
		29BBE1A4209FFF3900D36631 /* Release */ = {
			isa = XCBuildConfiguration;
			buildSettings = {
				BUNDLE_LOADER = "$(TEST_HOST)";
				CODE_SIGN_STYLE = Automatic;
				DEVELOPMENT_TEAM = 2LAAJN2NAF;
				INFOPLIST_FILE = iOS_CustomTabbarTests/Info.plist;
				LD_RUNPATH_SEARCH_PATHS = "$(inherited) @executable_path/Frameworks @loader_path/Frameworks";
				PRODUCT_BUNDLE_IDENTIFIER = "com.tiancity.iOS-CustomTabbarTests";
				PRODUCT_NAME = "$(TARGET_NAME)";
				TARGETED_DEVICE_FAMILY = "1,2";
				TEST_HOST = "$(BUILT_PRODUCTS_DIR)/iOS_CustomTabbar.app/iOS_CustomTabbar";
			};
			name = Release;
		};
		29BBE1A6209FFF3900D36631 /* Debug */ = {
			isa = XCBuildConfiguration;
			buildSettings = {
				CODE_SIGN_STYLE = Automatic;
				DEVELOPMENT_TEAM = 2LAAJN2NAF;
				INFOPLIST_FILE = iOS_CustomTabbarUITests/Info.plist;
				LD_RUNPATH_SEARCH_PATHS = "$(inherited) @executable_path/Frameworks @loader_path/Frameworks";
				PRODUCT_BUNDLE_IDENTIFIER = "com.tiancity.iOS-CustomTabbarUITests";
				PRODUCT_NAME = "$(TARGET_NAME)";
				TARGETED_DEVICE_FAMILY = "1,2";
				TEST_TARGET_NAME = iOS_CustomTabbar;
			};
			name = Debug;
		};
		29BBE1A7209FFF3900D36631 /* Release */ = {
			isa = XCBuildConfiguration;
			buildSettings = {
				CODE_SIGN_STYLE = Automatic;
				DEVELOPMENT_TEAM = 2LAAJN2NAF;
				INFOPLIST_FILE = iOS_CustomTabbarUITests/Info.plist;
				LD_RUNPATH_SEARCH_PATHS = "$(inherited) @executable_path/Frameworks @loader_path/Frameworks";
				PRODUCT_BUNDLE_IDENTIFIER = "com.tiancity.iOS-CustomTabbarUITests";
				PRODUCT_NAME = "$(TARGET_NAME)";
				TARGETED_DEVICE_FAMILY = "1,2";
				TEST_TARGET_NAME = iOS_CustomTabbar;
			};
			name = Release;
		};
/* End XCBuildConfiguration section */

/* Begin XCConfigurationList section */
		29BBE16E209FFF3900D36631 /* Build configuration list for PBXProject "iOS_CustomTabbar" */ = {
			isa = XCConfigurationList;
			buildConfigurations = (
				29BBE19D209FFF3900D36631 /* Debug */,
				29BBE19E209FFF3900D36631 /* Release */,
			);
			defaultConfigurationIsVisible = 0;
			defaultConfigurationName = Release;
		};
		29BBE19F209FFF3900D36631 /* Build configuration list for PBXNativeTarget "iOS_CustomTabbar" */ = {
			isa = XCConfigurationList;
			buildConfigurations = (
				29BBE1A0209FFF3900D36631 /* Debug */,
				29BBE1A1209FFF3900D36631 /* Release */,
			);
			defaultConfigurationIsVisible = 0;
			defaultConfigurationName = Release;
		};
		29BBE1A2209FFF3900D36631 /* Build configuration list for PBXNativeTarget "iOS_CustomTabbarTests" */ = {
			isa = XCConfigurationList;
			buildConfigurations = (
				29BBE1A3209FFF3900D36631 /* Debug */,
				29BBE1A4209FFF3900D36631 /* Release */,
			);
			defaultConfigurationIsVisible = 0;
			defaultConfigurationName = Release;
		};
		29BBE1A5209FFF3900D36631 /* Build configuration list for PBXNativeTarget "iOS_CustomTabbarUITests" */ = {
			isa = XCConfigurationList;
			buildConfigurations = (
				29BBE1A6209FFF3900D36631 /* Debug */,
				29BBE1A7209FFF3900D36631 /* Release */,
			);
			defaultConfigurationIsVisible = 0;
			defaultConfigurationName = Release;
		};
/* End XCConfigurationList section */
	};
	rootObject = 29BBE16B209FFF3900D36631 /* Project object */;
}
